[root]
name = "selectors"
version = "0.1.0"
dependencies = [
 "bitflags 0.1.1 (registry+https://github.com/rust-lang/crates.io-index)",
 "cssparser 0.2.0 (git+https://github.com/servo/rust-cssparser)",
 "matches 0.1.2 (registry+https://github.com/rust-lang/crates.io-index)",
 "rand 0.1.4 (registry+https://github.com/rust-lang/crates.io-index)",
 "string_cache 0.0.0 (git+https://github.com/servo/string-cache)",
 "string_cache_plugin 0.0.0 (git+https://github.com/servo/string-cache)",
]

[[package]]
name = "bitflags"
version = "0.1.1"
source = "registry+https://github.com/rust-lang/crates.io-index"

[[package]]
name = "cssparser"
version = "0.2.0"
source = "git+https://github.com/servo/rust-cssparser#4808d0ec32d2d3b2795d3c3036900f51188aafbc"
dependencies = [
 "encoding 0.2.25 (registry+https://github.com/rust-lang/crates.io-index)",
 "matches 0.1.2 (registry+https://github.com/rust-lang/crates.io-index)",
 "text_writer 0.1.9 (registry+https://github.com/rust-lang/crates.io-index)",
]

[[package]]
name = "encoding"
version = "0.2.25"
source = "registry+https://github.com/rust-lang/crates.io-index"
dependencies = [
 "encoding-index-japanese 1.20141219.2 (registry+https://github.com/rust-lang/crates.io-index)",
 "encoding-index-korean 1.20141219.1 (registry+https://github.com/rust-lang/crates.io-index)",
 "encoding-index-simpchinese 1.20141219.1 (registry+https://github.com/rust-lang/crates.io-index)",
 "encoding-index-singlebyte 1.20141219.1 (registry+https://github.com/rust-lang/crates.io-index)",
 "encoding-index-tradchinese 1.20141219.2 (registry+https://github.com/rust-lang/crates.io-index)",
]

[[package]]
name = "encoding-index-japanese"
version = "1.20141219.2"
source = "registry+https://github.com/rust-lang/crates.io-index"
dependencies = [
 "encoding_index_tests 0.1.3 (registry+https://github.com/rust-lang/crates.io-index)",
]

[[package]]
name = "encoding-index-korean"
version = "1.20141219.1"
source = "registry+https://github.com/rust-lang/crates.io-index"
dependencies = [
 "encoding_index_tests 0.1.3 (registry+https://github.com/rust-lang/crates.io-index)",
]

[[package]]
name = "encoding-index-simpchinese"
version = "1.20141219.1"
source = "registry+https://github.com/rust-lang/crates.io-index"
dependencies = [
 "encoding_index_tests 0.1.3 (registry+https://github.com/rust-lang/crates.io-index)",
]

[[package]]
name = "encoding-index-singlebyte"
version = "1.20141219.1"
source = "registry+https://github.com/rust-lang/crates.io-index"
dependencies = [
 "encoding_index_tests 0.1.3 (registry+https://github.com/rust-lang/crates.io-index)",
]

[[package]]
name = "encoding-index-tradchinese"
version = "1.20141219.2"
source = "registry+https://github.com/rust-lang/crates.io-index"
dependencies = [
 "encoding_index_tests 0.1.3 (registry+https://github.com/rust-lang/crates.io-index)",
]

[[package]]
name = "encoding_index_tests"
version = "0.1.3"
source = "registry+https://github.com/rust-lang/crates.io-index"

[[package]]
name = "lazy_static"
version = "0.1.8"
source = "git+https://github.com/Kimundi/lazy-static.rs#56b4be4141d3c58273cf5ee1d2e956e2f22248b9"

[[package]]
name = "libc"
version = "0.1.2"
source = "registry+https://github.com/rust-lang/crates.io-index"

[[package]]
name = "log"
version = "0.2.5"
source = "registry+https://github.com/rust-lang/crates.io-index"

[[package]]
name = "mac"
version = "0.0.2"
source = "git+https://github.com/reem/rust-mac#6316d3f4663756180fd236b126a84e245e978765"

[[package]]
name = "matches"
version = "0.1.2"
source = "registry+https://github.com/rust-lang/crates.io-index"

[[package]]
name = "phf"
version = "0.6.12"
source = "registry+https://github.com/rust-lang/crates.io-index"
dependencies = [
 "phf_shared 0.6.12 (registry+https://github.com/rust-lang/crates.io-index)",
]

[[package]]
name = "phf_generator"
version = "0.6.12"
source = "registry+https://github.com/rust-lang/crates.io-index"
dependencies = [
 "phf_shared 0.6.12 (registry+https://github.com/rust-lang/crates.io-index)",
 "rand 0.1.4 (registry+https://github.com/rust-lang/crates.io-index)",
]

[[package]]
name = "phf_macros"
version = "0.6.12"
source = "registry+https://github.com/rust-lang/crates.io-index"
dependencies = [
 "phf_generator 0.6.12 (registry+https://github.com/rust-lang/crates.io-index)",
 "phf_shared 0.6.12 (registry+https://github.com/rust-lang/crates.io-index)",
]

[[package]]
name = "phf_shared"
version = "0.6.12"
source = "registry+https://github.com/rust-lang/crates.io-index"

[[package]]
name = "rand"
version = "0.1.4"
source = "registry+https://github.com/rust-lang/crates.io-index"
dependencies = [
 "libc 0.1.2 (registry+https://github.com/rust-lang/crates.io-index)",
 "log 0.2.5 (registry+https://github.com/rust-lang/crates.io-index)",
]

[[package]]
name = "rand"
version = "0.2.0"
source = "registry+https://github.com/rust-lang/crates.io-index"
dependencies = [
 "libc 0.1.2 (registry+https://github.com/rust-lang/crates.io-index)",
 "log 0.2.5 (registry+https://github.com/rust-lang/crates.io-index)",
]

[[package]]
name = "string_cache"
version = "0.0.0"
source = "git+https://github.com/servo/string-cache#8c05fdf456a0e4f884e85d7e3a7700b2e4ca91eb"
dependencies = [
 "lazy_static 0.1.8 (git+https://github.com/Kimundi/lazy-static.rs)",
 "phf 0.6.12 (registry+https://github.com/rust-lang/crates.io-index)",
 "phf_macros 0.6.12 (registry+https://github.com/rust-lang/crates.io-index)",
 "rand 0.2.0 (registry+https://github.com/rust-lang/crates.io-index)",
 "string_cache_plugin 0.0.0 (git+https://github.com/servo/string-cache)",
]

[[package]]
name = "string_cache_plugin"
version = "0.0.0"
source = "git+https://github.com/servo/string-cache#8c05fdf456a0e4f884e85d7e3a7700b2e4ca91eb"
dependencies = [
 "lazy_static 0.1.8 (git+https://github.com/Kimundi/lazy-static.rs)",
 "mac 0.0.2 (git+https://github.com/reem/rust-mac)",
]

[[package]]
name = "text_writer"
version = "0.1.9"
source = "registry+https://github.com/rust-lang/crates.io-index"

