[root]
name = "selectors"
version = "0.1.0"
dependencies = [
 "bitflags 0.1.1 (registry+https://github.com/rust-lang/crates.io-index)",
 "cssparser 0.2.0 (git+https://github.com/servo/rust-cssparser)",
 "matches 0.1.2 (registry+https://github.com/rust-lang/crates.io-index)",
 "string_cache 0.0.0 (git+https://github.com/servo/string-cache)",
 "string_cache_macros 0.0.0 (git+https://github.com/servo/string-cache)",
]

[[package]]
name = "bitflags"
version = "0.1.1"
source = "registry+https://github.com/rust-lang/crates.io-index"

[[package]]
name = "cssparser"
version = "0.2.0"
source = "git+https://github.com/servo/rust-cssparser#cf59a4cf55b6386db255d6205b9804d8d74efd35"
dependencies = [
 "encoding 0.2.23 (registry+https://github.com/rust-lang/crates.io-index)",
 "matches 0.1.2 (registry+https://github.com/rust-lang/crates.io-index)",
 "text_writer 0.1.8 (registry+https://github.com/rust-lang/crates.io-index)",
]

[[package]]
name = "encoding"
version = "0.2.23"
source = "registry+https://github.com/rust-lang/crates.io-index"
dependencies = [
 "encoding-index-japanese 1.20141219.1 (registry+https://github.com/rust-lang/crates.io-index)",
 "encoding-index-korean 1.20141219.1 (registry+https://github.com/rust-lang/crates.io-index)",
 "encoding-index-simpchinese 1.20141219.1 (registry+https://github.com/rust-lang/crates.io-index)",
 "encoding-index-singlebyte 1.20141219.1 (registry+https://github.com/rust-lang/crates.io-index)",
 "encoding-index-tradchinese 1.20141219.1 (registry+https://github.com/rust-lang/crates.io-index)",
]

[[package]]
name = "encoding-index-japanese"
version = "1.20141219.1"
source = "registry+https://github.com/rust-lang/crates.io-index"
dependencies = [
 "encoding_index_tests 0.1.3 (registry+https://github.com/rust-lang/crates.io-index)",
]

[[package]]
name = "encoding-index-korean"
version = "1.20141219.1"
source = "registry+https://github.com/rust-lang/crates.io-index"
dependencies = [
 "encoding_index_tests 0.1.3 (registry+https://github.com/rust-lang/crates.io-index)",
]

[[package]]
name = "encoding-index-simpchinese"
version = "1.20141219.1"
source = "registry+https://github.com/rust-lang/crates.io-index"
dependencies = [
 "encoding_index_tests 0.1.3 (registry+https://github.com/rust-lang/crates.io-index)",
]

[[package]]
name = "encoding-index-singlebyte"
version = "1.20141219.1"
source = "registry+https://github.com/rust-lang/crates.io-index"
dependencies = [
 "encoding_index_tests 0.1.3 (registry+https://github.com/rust-lang/crates.io-index)",
]

[[package]]
name = "encoding-index-tradchinese"
version = "1.20141219.1"
source = "registry+https://github.com/rust-lang/crates.io-index"
dependencies = [
 "encoding_index_tests 0.1.3 (registry+https://github.com/rust-lang/crates.io-index)",
]

[[package]]
name = "encoding_index_tests"
version = "0.1.3"
source = "registry+https://github.com/rust-lang/crates.io-index"

[[package]]
name = "lazy_static"
version = "0.1.7"
source = "git+https://github.com/Kimundi/lazy-static.rs#b48b0c551087af9d598a0452f4e3973d98d4419b"

[[package]]
name = "libc"
version = "0.1.1"
source = "registry+https://github.com/rust-lang/crates.io-index"

[[package]]
name = "log"
version = "0.2.4"
source = "registry+https://github.com/rust-lang/crates.io-index"

[[package]]
name = "matches"
version = "0.1.2"
source = "registry+https://github.com/rust-lang/crates.io-index"

[[package]]
name = "phf"
version = "0.6.4"
source = "registry+https://github.com/rust-lang/crates.io-index"
dependencies = [
 "phf_shared 0.6.4 (registry+https://github.com/rust-lang/crates.io-index)",
]

[[package]]
name = "phf_macros"
version = "0.6.4"
source = "registry+https://github.com/rust-lang/crates.io-index"
dependencies = [
 "phf_shared 0.6.4 (registry+https://github.com/rust-lang/crates.io-index)",
 "rand 0.1.2 (registry+https://github.com/rust-lang/crates.io-index)",
]

[[package]]
name = "phf_shared"
version = "0.6.4"
source = "registry+https://github.com/rust-lang/crates.io-index"

[[package]]
name = "rand"
version = "0.1.2"
source = "registry+https://github.com/rust-lang/crates.io-index"
dependencies = [
 "libc 0.1.1 (registry+https://github.com/rust-lang/crates.io-index)",
 "log 0.2.4 (registry+https://github.com/rust-lang/crates.io-index)",
]

[[package]]
name = "string_cache"
version = "0.0.0"
source = "git+https://github.com/servo/string-cache#12b84faff894d358a546bf064b0daf5f04f2a96b"
dependencies = [
 "lazy_static 0.1.7 (git+https://github.com/Kimundi/lazy-static.rs)",
 "phf 0.6.4 (registry+https://github.com/rust-lang/crates.io-index)",
 "phf_macros 0.6.4 (registry+https://github.com/rust-lang/crates.io-index)",
 "string_cache_macros 0.0.0 (git+https://github.com/servo/string-cache)",
 "xxhash 0.0.8 (registry+https://github.com/rust-lang/crates.io-index)",
]

[[package]]
name = "string_cache_macros"
version = "0.0.0"
source = "git+https://github.com/servo/string-cache#12b84faff894d358a546bf064b0daf5f04f2a96b"
dependencies = [
 "lazy_static 0.1.7 (git+https://github.com/Kimundi/lazy-static.rs)",
]

[[package]]
name = "text_writer"
version = "0.1.8"
source = "registry+https://github.com/rust-lang/crates.io-index"

[[package]]
name = "xxhash"
version = "0.0.8"
source = "registry+https://github.com/rust-lang/crates.io-index"

